// !$*UTF8*$!
{
	archiveVersion = 1;
	classes = {
	};
	objectVersion = 55;
	objects = {

/* Begin PBXBuildFile section */
		272C869E29AE04C40028D1C1 /* PickerVC.swift in Sources */ = {isa = PBXBuildFile; fileRef = 272C869D29AE04C40028D1C1 /* PickerVC.swift */; };
		272C86A129AE04D50028D1C1 /* SearchView.swift in Sources */ = {isa = PBXBuildFile; fileRef = 272C869F29AE04D50028D1C1 /* SearchView.swift */; };
		272C86A229AE04D50028D1C1 /* SearchView.xib in Resources */ = {isa = PBXBuildFile; fileRef = 272C86A029AE04D50028D1C1 /* SearchView.xib */; };
		277CABCD29813969009C11CB /* AppDelegate.swift in Sources */ = {isa = PBXBuildFile; fileRef = 277CABCC29813969009C11CB /* AppDelegate.swift */; };
		277CABCF29813969009C11CB /* SceneDelegate.swift in Sources */ = {isa = PBXBuildFile; fileRef = 277CABCE29813969009C11CB /* SceneDelegate.swift */; };
		277CABD129813969009C11CB /* AuthVC.swift in Sources */ = {isa = PBXBuildFile; fileRef = 277CABD029813969009C11CB /* AuthVC.swift */; };
		277CABD429813969009C11CB /* Main.storyboard in Resources */ = {isa = PBXBuildFile; fileRef = 277CABD229813969009C11CB /* Main.storyboard */; };
		277CABD62981396A009C11CB /* Assets.xcassets in Resources */ = {isa = PBXBuildFile; fileRef = 277CABD52981396A009C11CB /* Assets.xcassets */; };
		277CABD92981396A009C11CB /* LaunchScreen.storyboard in Resources */ = {isa = PBXBuildFile; fileRef = 277CABD72981396A009C11CB /* LaunchScreen.storyboard */; };
		277CABE229814A42009C11CB /* UITextFieldDataPicker.swift in Sources */ = {isa = PBXBuildFile; fileRef = 277CABE129814A42009C11CB /* UITextFieldDataPicker.swift */; };
		277CABE529814E57009C11CB /* SignUpVC.swift in Sources */ = {isa = PBXBuildFile; fileRef = 277CABE429814E57009C11CB /* SignUpVC.swift */; };
		277CABE729814E6F009C11CB /* LoginVC.swift in Sources */ = {isa = PBXBuildFile; fileRef = 277CABE629814E6F009C11CB /* LoginVC.swift */; };
		277CABE929814F05009C11CB /* HomeVC.swift in Sources */ = {isa = PBXBuildFile; fileRef = 277CABE829814F05009C11CB /* HomeVC.swift */; };
		277CABEB29814F29009C11CB /* QCFormVC.swift in Sources */ = {isa = PBXBuildFile; fileRef = 277CABEA29814F29009C11CB /* QCFormVC.swift */; };
		277CABEF29814FD5009C11CB /* MainTF.swift in Sources */ = {isa = PBXBuildFile; fileRef = 277CABED29814FD5009C11CB /* MainTF.swift */; };
		277CABF029814FD5009C11CB /* MainTF.xib in Resources */ = {isa = PBXBuildFile; fileRef = 277CABEE29814FD5009C11CB /* MainTF.xib */; };
		277CABF229815062009C11CB /* UIViewFromNIB.swift in Sources */ = {isa = PBXBuildFile; fileRef = 277CABF129815062009C11CB /* UIViewFromNIB.swift */; };
		277CABF8298199B7009C11CB /* FormTypeNoteCell.swift in Sources */ = {isa = PBXBuildFile; fileRef = 277CABF6298199B6009C11CB /* FormTypeNoteCell.swift */; };
		277CABF9298199B7009C11CB /* FormTypeNoteCell.xib in Resources */ = {isa = PBXBuildFile; fileRef = 277CABF7298199B6009C11CB /* FormTypeNoteCell.xib */; };
		277CABFC2981A151009C11CB /* NibLoadableView.swift in Sources */ = {isa = PBXBuildFile; fileRef = 277CABFB2981A151009C11CB /* NibLoadableView.swift */; };
		277CABFE2981A202009C11CB /* TableViewHelper.swift in Sources */ = {isa = PBXBuildFile; fileRef = 277CABFD2981A202009C11CB /* TableViewHelper.swift */; };
		279404CA29A0BC2B00742AD9 /* AppTarget.swift in Sources */ = {isa = PBXBuildFile; fileRef = 279404C929A0BC2B00742AD9 /* AppTarget.swift */; };
		279404CC29A0BC3F00742AD9 /* AppNetworkable.swift in Sources */ = {isa = PBXBuildFile; fileRef = 279404CB29A0BC3F00742AD9 /* AppNetworkable.swift */; };
		279404CF29A0BC9A00742AD9 /* AppConfig.swift in Sources */ = {isa = PBXBuildFile; fileRef = 279404CE29A0BC9A00742AD9 /* AppConfig.swift */; };
		279404D329A0BCEF00742AD9 /* KeychainWrapper.swift in Sources */ = {isa = PBXBuildFile; fileRef = 279404D029A0BCEF00742AD9 /* KeychainWrapper.swift */; };
		279404D429A0BCEF00742AD9 /* AppData.swift in Sources */ = {isa = PBXBuildFile; fileRef = 279404D129A0BCEF00742AD9 /* AppData.swift */; };
		279404D529A0BCEF00742AD9 /* KeychainOperations.swift in Sources */ = {isa = PBXBuildFile; fileRef = 279404D229A0BCEF00742AD9 /* KeychainOperations.swift */; };
		279404D929A0C86400742AD9 /* Storyboarded.swift in Sources */ = {isa = PBXBuildFile; fileRef = 279404D629A0C86400742AD9 /* Storyboarded.swift */; };
		279404DA29A0C86400742AD9 /* Networkable.swift in Sources */ = {isa = PBXBuildFile; fileRef = 279404D729A0C86400742AD9 /* Networkable.swift */; };
		279404DE29A0C89C00742AD9 /* BaseResponse.swift in Sources */ = {isa = PBXBuildFile; fileRef = 279404DD29A0C89C00742AD9 /* BaseResponse.swift */; };
		279404E729A2B8CC00742AD9 /* Validator.swift in Sources */ = {isa = PBXBuildFile; fileRef = 279404E629A2B8CC00742AD9 /* Validator.swift */; };
		279404F329A2BA1700742AD9 /* LayoutConstraintsExtension.swift in Sources */ = {isa = PBXBuildFile; fileRef = 279404EC29A2BA1700742AD9 /* LayoutConstraintsExtension.swift */; };
		279404F429A2BA1700742AD9 /* CDAlertHeaderView.swift in Sources */ = {isa = PBXBuildFile; fileRef = 279404ED29A2BA1700742AD9 /* CDAlertHeaderView.swift */; };
		279404F529A2BA1700742AD9 /* CDAlertViewType.swift in Sources */ = {isa = PBXBuildFile; fileRef = 279404EE29A2BA1700742AD9 /* CDAlertViewType.swift */; };
		279404F629A2BA1700742AD9 /* CDAlertView+Extension.swift in Sources */ = {isa = PBXBuildFile; fileRef = 279404EF29A2BA1700742AD9 /* CDAlertView+Extension.swift */; };
		279404F729A2BA1700742AD9 /* ImageHelper.swift in Sources */ = {isa = PBXBuildFile; fileRef = 279404F029A2BA1700742AD9 /* ImageHelper.swift */; };
		279404F829A2BA1700742AD9 /* AlertController.swift in Sources */ = {isa = PBXBuildFile; fileRef = 279404F129A2BA1700742AD9 /* AlertController.swift */; };
		279404F929A2BA1700742AD9 /* CDAlertView.swift in Sources */ = {isa = PBXBuildFile; fileRef = 279404F229A2BA1700742AD9 /* CDAlertView.swift */; };
		27CC17A129A4058B007BADC0 /* CheckBox.swift in Sources */ = {isa = PBXBuildFile; fileRef = 27CC179B29A4058B007BADC0 /* CheckBox.swift */; };
		27CC17A229A4058B007BADC0 /* UIViewDesignable.swift in Sources */ = {isa = PBXBuildFile; fileRef = 27CC179C29A4058B007BADC0 /* UIViewDesignable.swift */; };
		27CC17A329A4058B007BADC0 /* BottomBorderTextField.swift in Sources */ = {isa = PBXBuildFile; fileRef = 27CC179D29A4058B007BADC0 /* BottomBorderTextField.swift */; };
		27CC17A429A4058B007BADC0 /* UIButtonDesignable.swift in Sources */ = {isa = PBXBuildFile; fileRef = 27CC179E29A4058B007BADC0 /* UIButtonDesignable.swift */; };
		27CC17A729A555BB007BADC0 /* Extensions.swift in Sources */ = {isa = PBXBuildFile; fileRef = 27CC17A629A555BB007BADC0 /* Extensions.swift */; };
		56AA3C580E025EE1A3ACEF96 /* Pods_FormApp.framework in Frameworks */ = {isa = PBXBuildFile; fileRef = FF08162BB8D1E1AEC258DA07 /* Pods_FormApp.framework */; };
		CE08C9A929BF6EEB002434EB /* FormItemDBModel.swift in Sources */ = {isa = PBXBuildFile; fileRef = CE08C9A829BF6EEB002434EB /* FormItemDBModel.swift */; };
		CE0B92382A28E64500530977 /* NewBoxTableViewCell.swift in Sources */ = {isa = PBXBuildFile; fileRef = CE0B92362A28E64500530977 /* NewBoxTableViewCell.swift */; };
		CE0B92392A28E64500530977 /* NewBoxTableViewCell.xib in Resources */ = {isa = PBXBuildFile; fileRef = CE0B92372A28E64500530977 /* NewBoxTableViewCell.xib */; };
		CE118D622A607B7C00E0C117 /* SideBySideTableViewCell.swift in Sources */ = {isa = PBXBuildFile; fileRef = CE118D602A607B7C00E0C117 /* SideBySideTableViewCell.swift */; };
		CE3A79C529C70A0500413E0B /* FormTableViewCell.swift in Sources */ = {isa = PBXBuildFile; fileRef = CE3A79C329C70A0500413E0B /* FormTableViewCell.swift */; };
		CE3A79C629C70A0500413E0B /* FormTableViewCell.xib in Resources */ = {isa = PBXBuildFile; fileRef = CE3A79C429C70A0500413E0B /* FormTableViewCell.xib */; };
		CE3A79C829C71B3B00413E0B /* SubmittedFormsVC.swift in Sources */ = {isa = PBXBuildFile; fileRef = CE3A79C729C71B3B00413E0B /* SubmittedFormsVC.swift */; };
		CE42025C29B8880900517FCA /* RealmManager.swift in Sources */ = {isa = PBXBuildFile; fileRef = CE42025B29B8880900517FCA /* RealmManager.swift */; };
		CE42025E29B8894D00517FCA /* RealmManagerInterface.swift in Sources */ = {isa = PBXBuildFile; fileRef = CE42025D29B8894D00517FCA /* RealmManagerInterface.swift */; };
		CE42026229B88A0900517FCA /* DataDetailsDBModel.swift in Sources */ = {isa = PBXBuildFile; fileRef = CE42026129B88A0900517FCA /* DataDetailsDBModel.swift */; };
		CE52B52C2A717CBD0092A2DF /* SideBySideTableViewCell.xib in Resources */ = {isa = PBXBuildFile; fileRef = CE52B52B2A717CBD0092A2DF /* SideBySideTableViewCell.xib */; };
		CE54B76829BDCE2C00C9C9F1 /* RequestModel.swift in Sources */ = {isa = PBXBuildFile; fileRef = CE54B76729BDCE2C00C9C9F1 /* RequestModel.swift */; };
		CE56835F2A079E20002A2D01 /* CreateMaterialPresenter.swift in Sources */ = {isa = PBXBuildFile; fileRef = CE56835E2A079E20002A2D01 /* CreateMaterialPresenter.swift */; };
		CE59C00F29DC5C0B0002C1F8 /* FormItemReason.swift in Sources */ = {isa = PBXBuildFile; fileRef = CE59C00E29DC5C0B0002C1F8 /* FormItemReason.swift */; };
		CE5D7EEF29F1D48F00A7D212 /* PORequestVC.swift in Sources */ = {isa = PBXBuildFile; fileRef = CE5D7EEE29F1D48F00A7D212 /* PORequestVC.swift */; };
		CE5D7EFB29F1DF0000A7D212 /* SignUpPresenter.swift in Sources */ = {isa = PBXBuildFile; fileRef = CE5D7EFA29F1DF0000A7D212 /* SignUpPresenter.swift */; };
		CE5D7EFD29F1E36400A7D212 /* LoginPresenter.swift in Sources */ = {isa = PBXBuildFile; fileRef = CE5D7EFC29F1E36400A7D212 /* LoginPresenter.swift */; };
		CE5D7EFF29F1E4C400A7D212 /* HomePresenter.swift in Sources */ = {isa = PBXBuildFile; fileRef = CE5D7EFE29F1E4C400A7D212 /* HomePresenter.swift */; };
		CE5D7F0129F1F22F00A7D212 /* QCFormPresenter.swift in Sources */ = {isa = PBXBuildFile; fileRef = CE5D7F0029F1F22F00A7D212 /* QCFormPresenter.swift */; };
		CE5D7F0329F1F56C00A7D212 /* SubmittedFormsPresenter.swift in Sources */ = {isa = PBXBuildFile; fileRef = CE5D7F0229F1F56C00A7D212 /* SubmittedFormsPresenter.swift */; };
		CE5D7F0929F1FB8400A7D212 /* User.swift in Sources */ = {isa = PBXBuildFile; fileRef = CE5D7F0829F1FB8400A7D212 /* User.swift */; };
		CE5D7F0C29F1FBE200A7D212 /* QCFormModels.swift in Sources */ = {isa = PBXBuildFile; fileRef = CE5D7F0B29F1FBE200A7D212 /* QCFormModels.swift */; };
		CE5D7F0F29F1FC1200A7D212 /* HomeModels.swift in Sources */ = {isa = PBXBuildFile; fileRef = CE5D7F0E29F1FC1200A7D212 /* HomeModels.swift */; };
		CE5D7F1229F1FD0300A7D212 /* SubmittedFormsModels.swift in Sources */ = {isa = PBXBuildFile; fileRef = CE5D7F1129F1FD0300A7D212 /* SubmittedFormsModels.swift */; };
		CE6AED5C2A30CE2A00BC24A4 /* VersionModel.swift in Sources */ = {isa = PBXBuildFile; fileRef = CE6AED5B2A30CE2A00BC24A4 /* VersionModel.swift */; };
		CE75CEB82A4B7ED200C5F59E /* AuthPresenter.swift in Sources */ = {isa = PBXBuildFile; fileRef = CE75CEB72A4B7ED200C5F59E /* AuthPresenter.swift */; };
		CE8169E02A05852800CBF0AD /* CreateMaterialVC.swift in Sources */ = {isa = PBXBuildFile; fileRef = CE8169DF2A05852800CBF0AD /* CreateMaterialVC.swift */; };
		CE976CB02A54990400059801 /* Audiowide-Regular.ttf in Resources */ = {isa = PBXBuildFile; fileRef = CE976CAF2A54990400059801 /* Audiowide-Regular.ttf */; };
		CE976CB42A54993F00059801 /* Questrial-Regular.ttf in Resources */ = {isa = PBXBuildFile; fileRef = CE976CB32A54993F00059801 /* Questrial-Regular.ttf */; };
		CE9F7A092A02BA0700C04F40 /* UIPaddedTextField.swift in Sources */ = {isa = PBXBuildFile; fileRef = CE9F7A082A02BA0700C04F40 /* UIPaddedTextField.swift */; };
		CE9F7A0B2A02C7B400C04F40 /* MaterialsPrestner.swift in Sources */ = {isa = PBXBuildFile; fileRef = CE9F7A0A2A02C7B400C04F40 /* MaterialsPrestner.swift */; };
		CEA0B7BE29F573D800F7316C /* PORequestPresenter.swift in Sources */ = {isa = PBXBuildFile; fileRef = CEA0B7BD29F573D800F7316C /* PORequestPresenter.swift */; };
		CEA0B7C029F5757D00F7316C /* RealmController.swift in Sources */ = {isa = PBXBuildFile; fileRef = CEA0B7BF29F5757D00F7316C /* RealmController.swift */; };
		CEA6F52B2A0A70CE00C6A7A0 /* MaterialTableViewCell.swift in Sources */ = {isa = PBXBuildFile; fileRef = CEA6F5292A0A70CE00C6A7A0 /* MaterialTableViewCell.swift */; };
		CEA6F52C2A0A70CE00C6A7A0 /* MaterialTableViewCell.xib in Resources */ = {isa = PBXBuildFile; fileRef = CEA6F52A2A0A70CE00C6A7A0 /* MaterialTableViewCell.xib */; };
		CEA6F5302A0A76D400C6A7A0 /* MaterialsDetailsVC.swift in Sources */ = {isa = PBXBuildFile; fileRef = CEA6F52E2A0A76D400C6A7A0 /* MaterialsDetailsVC.swift */; };
		CEA798542A46F05E00813277 /* SubContractorsDBModel.swift in Sources */ = {isa = PBXBuildFile; fileRef = CEA798532A46F05E00813277 /* SubContractorsDBModel.swift */; };
		CEAC3CA72A19291B009774AD /* UserFormItemTableViewCell.swift in Sources */ = {isa = PBXBuildFile; fileRef = CEAC3CA52A19291B009774AD /* UserFormItemTableViewCell.swift */; };
		CEAC3CA82A19291B009774AD /* UserFormItemTableViewCell.xib in Resources */ = {isa = PBXBuildFile; fileRef = CEAC3CA62A19291B009774AD /* UserFormItemTableViewCell.xib */; };
		CEC08E6A29E0A51A00FC8CBF /* DatePickerVC.swift in Sources */ = {isa = PBXBuildFile; fileRef = CEC08E6829E0A51A00FC8CBF /* DatePickerVC.swift */; };
		CECD94222A1E63C7007BEB65 /* CreateFormItemVC.swift in Sources */ = {isa = PBXBuildFile; fileRef = CECD94212A1E63C7007BEB65 /* CreateFormItemVC.swift */; };
		CECD94252A1E9F85007BEB65 /* FormItemNewBox.swift in Sources */ = {isa = PBXBuildFile; fileRef = CECD94242A1E9F85007BEB65 /* FormItemNewBox.swift */; };
		CECD94282A1EB478007BEB65 /* CustomFormItemTableViewCell.swift in Sources */ = {isa = PBXBuildFile; fileRef = CECD94262A1EB478007BEB65 /* CustomFormItemTableViewCell.swift */; };
		CECD94292A1EB478007BEB65 /* CustomFormItemTableViewCell.xib in Resources */ = {isa = PBXBuildFile; fileRef = CECD94272A1EB478007BEB65 /* CustomFormItemTableViewCell.xib */; };
		CEF2BB352A018E3600D4DBA1 /* ViewCustomExtension.swift in Sources */ = {isa = PBXBuildFile; fileRef = CEF2BB252A018E3600D4DBA1 /* ViewCustomExtension.swift */; };
		CEF2BB362A018E3600D4DBA1 /* UIViewCustomCornerRadiusWithGraidentView.swift in Sources */ = {isa = PBXBuildFile; fileRef = CEF2BB272A018E3600D4DBA1 /* UIViewCustomCornerRadiusWithGraidentView.swift */; };
		CEF2BB372A018E3600D4DBA1 /* UIViewCustomCornerRadius.swift in Sources */ = {isa = PBXBuildFile; fileRef = CEF2BB282A018E3600D4DBA1 /* UIViewCustomCornerRadius.swift */; };
		CEF2BB392A018E3600D4DBA1 /* CustomCournerView.swift in Sources */ = {isa = PBXBuildFile; fileRef = CEF2BB2A2A018E3600D4DBA1 /* CustomCournerView.swift */; };
		CEF2BB3A2A018E3600D4DBA1 /*  GraidentButton.swift in Sources */ = {isa = PBXBuildFile; fileRef = CEF2BB2B2A018E3600D4DBA1 /*  GraidentButton.swift */; };
		CEF2BB3C2A018E3600D4DBA1 /* IconTextField.swift in Sources */ = {isa = PBXBuildFile; fileRef = CEF2BB2D2A018E3600D4DBA1 /* IconTextField.swift */; };
		CEF2BB3D2A018E3600D4DBA1 /* GraidentLabel.swift in Sources */ = {isa = PBXBuildFile; fileRef = CEF2BB2E2A018E3600D4DBA1 /* GraidentLabel.swift */; };
		CEF2BB3E2A018E3600D4DBA1 /* RoundedTextField.swift in Sources */ = {isa = PBXBuildFile; fileRef = CEF2BB2F2A018E3600D4DBA1 /* RoundedTextField.swift */; };
		CEF2BB3F2A018E3600D4DBA1 /* UIImageViewCustomCornerRadius.swift in Sources */ = {isa = PBXBuildFile; fileRef = CEF2BB302A018E3600D4DBA1 /* UIImageViewCustomCornerRadius.swift */; };
		CEF2BB402A018E3600D4DBA1 /* UIImageViewDesignable.swift in Sources */ = {isa = PBXBuildFile; fileRef = CEF2BB312A018E3600D4DBA1 /* UIImageViewDesignable.swift */; };
		CEF2BB422A018E3600D4DBA1 /* GraidentView.swift in Sources */ = {isa = PBXBuildFile; fileRef = CEF2BB332A018E3600D4DBA1 /* GraidentView.swift */; };
		CEF2BB432A018E3600D4DBA1 /* UILabelDesignable.swift in Sources */ = {isa = PBXBuildFile; fileRef = CEF2BB342A018E3600D4DBA1 /* UILabelDesignable.swift */; };
		CEF2BB4B2A018EB400D4DBA1 /* HomeVCTableViewCell.swift in Sources */ = {isa = PBXBuildFile; fileRef = CEF2BB492A018EB400D4DBA1 /* HomeVCTableViewCell.swift */; };
		CEF2BB4C2A018EB400D4DBA1 /* HomeVCTableViewCell.xib in Resources */ = {isa = PBXBuildFile; fileRef = CEF2BB4A2A018EB400D4DBA1 /* HomeVCTableViewCell.xib */; };
		CEF2BB4F2A01A68000D4DBA1 /* MaterialsVC.swift in Sources */ = {isa = PBXBuildFile; fileRef = CEF2BB4E2A01A68000D4DBA1 /* MaterialsVC.swift */; };
/* End PBXBuildFile section */

/* Begin PBXFileReference section */
		272C869D29AE04C40028D1C1 /* PickerVC.swift */ = {isa = PBXFileReference; fileEncoding = 4; lastKnownFileType = sourcecode.swift; path = PickerVC.swift; sourceTree = "<group>"; };
		272C869F29AE04D50028D1C1 /* SearchView.swift */ = {isa = PBXFileReference; fileEncoding = 4; lastKnownFileType = sourcecode.swift; path = SearchView.swift; sourceTree = "<group>"; };
		272C86A029AE04D50028D1C1 /* SearchView.xib */ = {isa = PBXFileReference; fileEncoding = 4; lastKnownFileType = file.xib; path = SearchView.xib; sourceTree = "<group>"; };
		277CABC929813969009C11CB /* FormApp.app */ = {isa = PBXFileReference; explicitFileType = wrapper.application; includeInIndex = 0; path = FormApp.app; sourceTree = BUILT_PRODUCTS_DIR; };
		277CABCC29813969009C11CB /* AppDelegate.swift */ = {isa = PBXFileReference; lastKnownFileType = sourcecode.swift; path = AppDelegate.swift; sourceTree = "<group>"; };
		277CABCE29813969009C11CB /* SceneDelegate.swift */ = {isa = PBXFileReference; lastKnownFileType = sourcecode.swift; path = SceneDelegate.swift; sourceTree = "<group>"; };
		277CABD029813969009C11CB /* AuthVC.swift */ = {isa = PBXFileReference; lastKnownFileType = sourcecode.swift; path = AuthVC.swift; sourceTree = "<group>"; };
		277CABD329813969009C11CB /* Base */ = {isa = PBXFileReference; lastKnownFileType = file.storyboard; name = Base; path = Base.lproj/Main.storyboard; sourceTree = "<group>"; };
		277CABD52981396A009C11CB /* Assets.xcassets */ = {isa = PBXFileReference; lastKnownFileType = folder.assetcatalog; path = Assets.xcassets; sourceTree = "<group>"; };
		277CABD82981396A009C11CB /* Base */ = {isa = PBXFileReference; lastKnownFileType = file.storyboard; name = Base; path = Base.lproj/LaunchScreen.storyboard; sourceTree = "<group>"; };
		277CABDA2981396A009C11CB /* Info.plist */ = {isa = PBXFileReference; lastKnownFileType = text.plist.xml; path = Info.plist; sourceTree = "<group>"; };
		277CABE129814A42009C11CB /* UITextFieldDataPicker.swift */ = {isa = PBXFileReference; fileEncoding = 4; lastKnownFileType = sourcecode.swift; path = UITextFieldDataPicker.swift; sourceTree = "<group>"; };
		277CABE429814E57009C11CB /* SignUpVC.swift */ = {isa = PBXFileReference; lastKnownFileType = sourcecode.swift; path = SignUpVC.swift; sourceTree = "<group>"; };
		277CABE629814E6F009C11CB /* LoginVC.swift */ = {isa = PBXFileReference; lastKnownFileType = sourcecode.swift; path = LoginVC.swift; sourceTree = "<group>"; };
		277CABE829814F05009C11CB /* HomeVC.swift */ = {isa = PBXFileReference; lastKnownFileType = sourcecode.swift; path = HomeVC.swift; sourceTree = "<group>"; };
		277CABEA29814F29009C11CB /* QCFormVC.swift */ = {isa = PBXFileReference; lastKnownFileType = sourcecode.swift; path = QCFormVC.swift; sourceTree = "<group>"; };
		277CABED29814FD5009C11CB /* MainTF.swift */ = {isa = PBXFileReference; fileEncoding = 4; lastKnownFileType = sourcecode.swift; path = MainTF.swift; sourceTree = "<group>"; };
		277CABEE29814FD5009C11CB /* MainTF.xib */ = {isa = PBXFileReference; fileEncoding = 4; lastKnownFileType = file.xib; path = MainTF.xib; sourceTree = "<group>"; };
		277CABF129815062009C11CB /* UIViewFromNIB.swift */ = {isa = PBXFileReference; fileEncoding = 4; lastKnownFileType = sourcecode.swift; path = UIViewFromNIB.swift; sourceTree = "<group>"; };
		277CABF6298199B6009C11CB /* FormTypeNoteCell.swift */ = {isa = PBXFileReference; lastKnownFileType = sourcecode.swift; path = FormTypeNoteCell.swift; sourceTree = "<group>"; };
		277CABF7298199B6009C11CB /* FormTypeNoteCell.xib */ = {isa = PBXFileReference; lastKnownFileType = file.xib; path = FormTypeNoteCell.xib; sourceTree = "<group>"; };
		277CABFB2981A151009C11CB /* NibLoadableView.swift */ = {isa = PBXFileReference; fileEncoding = 4; lastKnownFileType = sourcecode.swift; path = NibLoadableView.swift; sourceTree = "<group>"; };
		277CABFD2981A202009C11CB /* TableViewHelper.swift */ = {isa = PBXFileReference; fileEncoding = 4; lastKnownFileType = sourcecode.swift; path = TableViewHelper.swift; sourceTree = "<group>"; };
		279404C929A0BC2B00742AD9 /* AppTarget.swift */ = {isa = PBXFileReference; lastKnownFileType = sourcecode.swift; path = AppTarget.swift; sourceTree = "<group>"; };
		279404CB29A0BC3F00742AD9 /* AppNetworkable.swift */ = {isa = PBXFileReference; lastKnownFileType = sourcecode.swift; path = AppNetworkable.swift; sourceTree = "<group>"; };
		279404CE29A0BC9A00742AD9 /* AppConfig.swift */ = {isa = PBXFileReference; lastKnownFileType = sourcecode.swift; path = AppConfig.swift; sourceTree = "<group>"; };
		279404D029A0BCEF00742AD9 /* KeychainWrapper.swift */ = {isa = PBXFileReference; fileEncoding = 4; lastKnownFileType = sourcecode.swift; path = KeychainWrapper.swift; sourceTree = "<group>"; };
		279404D129A0BCEF00742AD9 /* AppData.swift */ = {isa = PBXFileReference; fileEncoding = 4; lastKnownFileType = sourcecode.swift; path = AppData.swift; sourceTree = "<group>"; };
		279404D229A0BCEF00742AD9 /* KeychainOperations.swift */ = {isa = PBXFileReference; fileEncoding = 4; lastKnownFileType = sourcecode.swift; path = KeychainOperations.swift; sourceTree = "<group>"; };
		279404D629A0C86400742AD9 /* Storyboarded.swift */ = {isa = PBXFileReference; fileEncoding = 4; lastKnownFileType = sourcecode.swift; path = Storyboarded.swift; sourceTree = "<group>"; };
		279404D729A0C86400742AD9 /* Networkable.swift */ = {isa = PBXFileReference; fileEncoding = 4; lastKnownFileType = sourcecode.swift; path = Networkable.swift; sourceTree = "<group>"; };
		279404DD29A0C89C00742AD9 /* BaseResponse.swift */ = {isa = PBXFileReference; lastKnownFileType = sourcecode.swift; path = BaseResponse.swift; sourceTree = "<group>"; };
		279404E629A2B8CC00742AD9 /* Validator.swift */ = {isa = PBXFileReference; fileEncoding = 4; lastKnownFileType = sourcecode.swift; path = Validator.swift; sourceTree = "<group>"; };
		279404EC29A2BA1700742AD9 /* LayoutConstraintsExtension.swift */ = {isa = PBXFileReference; fileEncoding = 4; lastKnownFileType = sourcecode.swift; path = LayoutConstraintsExtension.swift; sourceTree = "<group>"; };
		279404ED29A2BA1700742AD9 /* CDAlertHeaderView.swift */ = {isa = PBXFileReference; fileEncoding = 4; lastKnownFileType = sourcecode.swift; path = CDAlertHeaderView.swift; sourceTree = "<group>"; };
		279404EE29A2BA1700742AD9 /* CDAlertViewType.swift */ = {isa = PBXFileReference; fileEncoding = 4; lastKnownFileType = sourcecode.swift; path = CDAlertViewType.swift; sourceTree = "<group>"; };
		279404EF29A2BA1700742AD9 /* CDAlertView+Extension.swift */ = {isa = PBXFileReference; fileEncoding = 4; lastKnownFileType = sourcecode.swift; path = "CDAlertView+Extension.swift"; sourceTree = "<group>"; };
		279404F029A2BA1700742AD9 /* ImageHelper.swift */ = {isa = PBXFileReference; fileEncoding = 4; lastKnownFileType = sourcecode.swift; path = ImageHelper.swift; sourceTree = "<group>"; };
		279404F129A2BA1700742AD9 /* AlertController.swift */ = {isa = PBXFileReference; fileEncoding = 4; lastKnownFileType = sourcecode.swift; path = AlertController.swift; sourceTree = "<group>"; };
		279404F229A2BA1700742AD9 /* CDAlertView.swift */ = {isa = PBXFileReference; fileEncoding = 4; lastKnownFileType = sourcecode.swift; path = CDAlertView.swift; sourceTree = "<group>"; };
		27CC179B29A4058B007BADC0 /* CheckBox.swift */ = {isa = PBXFileReference; fileEncoding = 4; lastKnownFileType = sourcecode.swift; path = CheckBox.swift; sourceTree = "<group>"; };
		27CC179C29A4058B007BADC0 /* UIViewDesignable.swift */ = {isa = PBXFileReference; fileEncoding = 4; lastKnownFileType = sourcecode.swift; path = UIViewDesignable.swift; sourceTree = "<group>"; };
		27CC179D29A4058B007BADC0 /* BottomBorderTextField.swift */ = {isa = PBXFileReference; fileEncoding = 4; lastKnownFileType = sourcecode.swift; path = BottomBorderTextField.swift; sourceTree = "<group>"; };
		27CC179E29A4058B007BADC0 /* UIButtonDesignable.swift */ = {isa = PBXFileReference; fileEncoding = 4; lastKnownFileType = sourcecode.swift; path = UIButtonDesignable.swift; sourceTree = "<group>"; };
		27CC17A629A555BB007BADC0 /* Extensions.swift */ = {isa = PBXFileReference; lastKnownFileType = sourcecode.swift; path = Extensions.swift; sourceTree = "<group>"; };
		51DECD008AA1B38BD035E23F /* Pods-FormApp.release.xcconfig */ = {isa = PBXFileReference; includeInIndex = 1; lastKnownFileType = text.xcconfig; name = "Pods-FormApp.release.xcconfig"; path = "Target Support Files/Pods-FormApp/Pods-FormApp.release.xcconfig"; sourceTree = "<group>"; };
		B611ED640CC1459035AF997F /* Pods-FormApp.debug.xcconfig */ = {isa = PBXFileReference; includeInIndex = 1; lastKnownFileType = text.xcconfig; name = "Pods-FormApp.debug.xcconfig"; path = "Target Support Files/Pods-FormApp/Pods-FormApp.debug.xcconfig"; sourceTree = "<group>"; };
		CE08C9A829BF6EEB002434EB /* FormItemDBModel.swift */ = {isa = PBXFileReference; lastKnownFileType = sourcecode.swift; path = FormItemDBModel.swift; sourceTree = "<group>"; };
		CE0B92362A28E64500530977 /* NewBoxTableViewCell.swift */ = {isa = PBXFileReference; lastKnownFileType = sourcecode.swift; path = NewBoxTableViewCell.swift; sourceTree = "<group>"; };
		CE0B92372A28E64500530977 /* NewBoxTableViewCell.xib */ = {isa = PBXFileReference; lastKnownFileType = file.xib; path = NewBoxTableViewCell.xib; sourceTree = "<group>"; };
		CE118D602A607B7C00E0C117 /* SideBySideTableViewCell.swift */ = {isa = PBXFileReference; lastKnownFileType = sourcecode.swift; path = SideBySideTableViewCell.swift; sourceTree = "<group>"; };
		CE3A79C329C70A0500413E0B /* FormTableViewCell.swift */ = {isa = PBXFileReference; lastKnownFileType = sourcecode.swift; path = FormTableViewCell.swift; sourceTree = "<group>"; };
		CE3A79C429C70A0500413E0B /* FormTableViewCell.xib */ = {isa = PBXFileReference; lastKnownFileType = file.xib; path = FormTableViewCell.xib; sourceTree = "<group>"; };
		CE3A79C729C71B3B00413E0B /* SubmittedFormsVC.swift */ = {isa = PBXFileReference; lastKnownFileType = sourcecode.swift; path = SubmittedFormsVC.swift; sourceTree = "<group>"; };
		CE42025B29B8880900517FCA /* RealmManager.swift */ = {isa = PBXFileReference; lastKnownFileType = sourcecode.swift; path = RealmManager.swift; sourceTree = "<group>"; };
		CE42025D29B8894D00517FCA /* RealmManagerInterface.swift */ = {isa = PBXFileReference; fileEncoding = 4; lastKnownFileType = sourcecode.swift; path = RealmManagerInterface.swift; sourceTree = "<group>"; };
		CE42026129B88A0900517FCA /* DataDetailsDBModel.swift */ = {isa = PBXFileReference; lastKnownFileType = sourcecode.swift; path = DataDetailsDBModel.swift; sourceTree = "<group>"; };
		CE52B52B2A717CBD0092A2DF /* SideBySideTableViewCell.xib */ = {isa = PBXFileReference; fileEncoding = 4; lastKnownFileType = file.xib; path = SideBySideTableViewCell.xib; sourceTree = "<group>"; };
		CE54B76729BDCE2C00C9C9F1 /* RequestModel.swift */ = {isa = PBXFileReference; lastKnownFileType = sourcecode.swift; path = RequestModel.swift; sourceTree = "<group>"; };
		CE56835E2A079E20002A2D01 /* CreateMaterialPresenter.swift */ = {isa = PBXFileReference; lastKnownFileType = sourcecode.swift; path = CreateMaterialPresenter.swift; sourceTree = "<group>"; };
		CE59C00E29DC5C0B0002C1F8 /* FormItemReason.swift */ = {isa = PBXFileReference; lastKnownFileType = sourcecode.swift; path = FormItemReason.swift; sourceTree = "<group>"; };
		CE5D7EEE29F1D48F00A7D212 /* PORequestVC.swift */ = {isa = PBXFileReference; lastKnownFileType = sourcecode.swift; path = PORequestVC.swift; sourceTree = "<group>"; };
		CE5D7EFA29F1DF0000A7D212 /* SignUpPresenter.swift */ = {isa = PBXFileReference; lastKnownFileType = sourcecode.swift; path = SignUpPresenter.swift; sourceTree = "<group>"; };
		CE5D7EFC29F1E36400A7D212 /* LoginPresenter.swift */ = {isa = PBXFileReference; lastKnownFileType = sourcecode.swift; path = LoginPresenter.swift; sourceTree = "<group>"; };
		CE5D7EFE29F1E4C400A7D212 /* HomePresenter.swift */ = {isa = PBXFileReference; lastKnownFileType = sourcecode.swift; path = HomePresenter.swift; sourceTree = "<group>"; };
		CE5D7F0029F1F22F00A7D212 /* QCFormPresenter.swift */ = {isa = PBXFileReference; lastKnownFileType = sourcecode.swift; path = QCFormPresenter.swift; sourceTree = "<group>"; };
		CE5D7F0229F1F56C00A7D212 /* SubmittedFormsPresenter.swift */ = {isa = PBXFileReference; lastKnownFileType = sourcecode.swift; path = SubmittedFormsPresenter.swift; sourceTree = "<group>"; };
		CE5D7F0829F1FB8400A7D212 /* User.swift */ = {isa = PBXFileReference; lastKnownFileType = sourcecode.swift; path = User.swift; sourceTree = "<group>"; };
		CE5D7F0B29F1FBE200A7D212 /* QCFormModels.swift */ = {isa = PBXFileReference; lastKnownFileType = sourcecode.swift; path = QCFormModels.swift; sourceTree = "<group>"; };
		CE5D7F0E29F1FC1200A7D212 /* HomeModels.swift */ = {isa = PBXFileReference; lastKnownFileType = sourcecode.swift; path = HomeModels.swift; sourceTree = "<group>"; };
		CE5D7F1129F1FD0300A7D212 /* SubmittedFormsModels.swift */ = {isa = PBXFileReference; lastKnownFileType = sourcecode.swift; path = SubmittedFormsModels.swift; sourceTree = "<group>"; };
		CE6AED5B2A30CE2A00BC24A4 /* VersionModel.swift */ = {isa = PBXFileReference; lastKnownFileType = sourcecode.swift; path = VersionModel.swift; sourceTree = "<group>"; };
		CE75CEB72A4B7ED200C5F59E /* AuthPresenter.swift */ = {isa = PBXFileReference; lastKnownFileType = sourcecode.swift; path = AuthPresenter.swift; sourceTree = "<group>"; };
		CE8169DF2A05852800CBF0AD /* CreateMaterialVC.swift */ = {isa = PBXFileReference; lastKnownFileType = sourcecode.swift; path = CreateMaterialVC.swift; sourceTree = "<group>"; };
		CE976CAF2A54990400059801 /* Audiowide-Regular.ttf */ = {isa = PBXFileReference; lastKnownFileType = file; path = "Audiowide-Regular.ttf"; sourceTree = "<group>"; };
		CE976CB32A54993F00059801 /* Questrial-Regular.ttf */ = {isa = PBXFileReference; lastKnownFileType = file; path = "Questrial-Regular.ttf"; sourceTree = "<group>"; };
		CE9F7A082A02BA0700C04F40 /* UIPaddedTextField.swift */ = {isa = PBXFileReference; lastKnownFileType = sourcecode.swift; path = UIPaddedTextField.swift; sourceTree = "<group>"; };
		CE9F7A0A2A02C7B400C04F40 /* MaterialsPrestner.swift */ = {isa = PBXFileReference; lastKnownFileType = sourcecode.swift; path = MaterialsPrestner.swift; sourceTree = "<group>"; };
		CEA0B7BD29F573D800F7316C /* PORequestPresenter.swift */ = {isa = PBXFileReference; lastKnownFileType = sourcecode.swift; path = PORequestPresenter.swift; sourceTree = "<group>"; };
		CEA0B7BF29F5757D00F7316C /* RealmController.swift */ = {isa = PBXFileReference; lastKnownFileType = sourcecode.swift; path = RealmController.swift; sourceTree = "<group>"; };
		CEA6F5292A0A70CE00C6A7A0 /* MaterialTableViewCell.swift */ = {isa = PBXFileReference; lastKnownFileType = sourcecode.swift; path = MaterialTableViewCell.swift; sourceTree = "<group>"; };
		CEA6F52A2A0A70CE00C6A7A0 /* MaterialTableViewCell.xib */ = {isa = PBXFileReference; lastKnownFileType = file.xib; path = MaterialTableViewCell.xib; sourceTree = "<group>"; };
		CEA6F52E2A0A76D400C6A7A0 /* MaterialsDetailsVC.swift */ = {isa = PBXFileReference; lastKnownFileType = sourcecode.swift; path = MaterialsDetailsVC.swift; sourceTree = "<group>"; };
		CEA798532A46F05E00813277 /* SubContractorsDBModel.swift */ = {isa = PBXFileReference; lastKnownFileType = sourcecode.swift; path = SubContractorsDBModel.swift; sourceTree = "<group>"; };
		CEAC3CA52A19291B009774AD /* UserFormItemTableViewCell.swift */ = {isa = PBXFileReference; lastKnownFileType = sourcecode.swift; path = UserFormItemTableViewCell.swift; sourceTree = "<group>"; };
		CEAC3CA62A19291B009774AD /* UserFormItemTableViewCell.xib */ = {isa = PBXFileReference; lastKnownFileType = file.xib; path = UserFormItemTableViewCell.xib; sourceTree = "<group>"; };
		CEC08E6829E0A51A00FC8CBF /* DatePickerVC.swift */ = {isa = PBXFileReference; lastKnownFileType = sourcecode.swift; path = DatePickerVC.swift; sourceTree = "<group>"; };
		CECD94212A1E63C7007BEB65 /* CreateFormItemVC.swift */ = {isa = PBXFileReference; lastKnownFileType = sourcecode.swift; path = CreateFormItemVC.swift; sourceTree = "<group>"; };
		CECD94242A1E9F85007BEB65 /* FormItemNewBox.swift */ = {isa = PBXFileReference; lastKnownFileType = sourcecode.swift; path = FormItemNewBox.swift; sourceTree = "<group>"; };
		CECD94262A1EB478007BEB65 /* CustomFormItemTableViewCell.swift */ = {isa = PBXFileReference; lastKnownFileType = sourcecode.swift; path = CustomFormItemTableViewCell.swift; sourceTree = "<group>"; };
		CECD94272A1EB478007BEB65 /* CustomFormItemTableViewCell.xib */ = {isa = PBXFileReference; lastKnownFileType = file.xib; path = CustomFormItemTableViewCell.xib; sourceTree = "<group>"; };
		CEF2BB252A018E3600D4DBA1 /* ViewCustomExtension.swift */ = {isa = PBXFileReference; fileEncoding = 4; lastKnownFileType = sourcecode.swift; path = ViewCustomExtension.swift; sourceTree = "<group>"; };
		CEF2BB272A018E3600D4DBA1 /* UIViewCustomCornerRadiusWithGraidentView.swift */ = {isa = PBXFileReference; fileEncoding = 4; lastKnownFileType = sourcecode.swift; path = UIViewCustomCornerRadiusWithGraidentView.swift; sourceTree = "<group>"; };
		CEF2BB282A018E3600D4DBA1 /* UIViewCustomCornerRadius.swift */ = {isa = PBXFileReference; fileEncoding = 4; lastKnownFileType = sourcecode.swift; path = UIViewCustomCornerRadius.swift; sourceTree = "<group>"; };
		CEF2BB2A2A018E3600D4DBA1 /* CustomCournerView.swift */ = {isa = PBXFileReference; fileEncoding = 4; lastKnownFileType = sourcecode.swift; path = CustomCournerView.swift; sourceTree = "<group>"; };
		CEF2BB2B2A018E3600D4DBA1 /*  GraidentButton.swift */ = {isa = PBXFileReference; fileEncoding = 4; lastKnownFileType = sourcecode.swift; path = " GraidentButton.swift"; sourceTree = "<group>"; };
		CEF2BB2D2A018E3600D4DBA1 /* IconTextField.swift */ = {isa = PBXFileReference; fileEncoding = 4; lastKnownFileType = sourcecode.swift; path = IconTextField.swift; sourceTree = "<group>"; };
		CEF2BB2E2A018E3600D4DBA1 /* GraidentLabel.swift */ = {isa = PBXFileReference; fileEncoding = 4; lastKnownFileType = sourcecode.swift; path = GraidentLabel.swift; sourceTree = "<group>"; };
		CEF2BB2F2A018E3600D4DBA1 /* RoundedTextField.swift */ = {isa = PBXFileReference; fileEncoding = 4; lastKnownFileType = sourcecode.swift; path = RoundedTextField.swift; sourceTree = "<group>"; };
		CEF2BB302A018E3600D4DBA1 /* UIImageViewCustomCornerRadius.swift */ = {isa = PBXFileReference; fileEncoding = 4; lastKnownFileType = sourcecode.swift; path = UIImageViewCustomCornerRadius.swift; sourceTree = "<group>"; };
		CEF2BB312A018E3600D4DBA1 /* UIImageViewDesignable.swift */ = {isa = PBXFileReference; fileEncoding = 4; lastKnownFileType = sourcecode.swift; path = UIImageViewDesignable.swift; sourceTree = "<group>"; };
		CEF2BB332A018E3600D4DBA1 /* GraidentView.swift */ = {isa = PBXFileReference; fileEncoding = 4; lastKnownFileType = sourcecode.swift; path = GraidentView.swift; sourceTree = "<group>"; };
		CEF2BB342A018E3600D4DBA1 /* UILabelDesignable.swift */ = {isa = PBXFileReference; fileEncoding = 4; lastKnownFileType = sourcecode.swift; path = UILabelDesignable.swift; sourceTree = "<group>"; };
		CEF2BB492A018EB400D4DBA1 /* HomeVCTableViewCell.swift */ = {isa = PBXFileReference; lastKnownFileType = sourcecode.swift; path = HomeVCTableViewCell.swift; sourceTree = "<group>"; };
		CEF2BB4A2A018EB400D4DBA1 /* HomeVCTableViewCell.xib */ = {isa = PBXFileReference; lastKnownFileType = file.xib; path = HomeVCTableViewCell.xib; sourceTree = "<group>"; };
		CEF2BB4E2A01A68000D4DBA1 /* MaterialsVC.swift */ = {isa = PBXFileReference; lastKnownFileType = sourcecode.swift; path = MaterialsVC.swift; sourceTree = "<group>"; };
		FF08162BB8D1E1AEC258DA07 /* Pods_FormApp.framework */ = {isa = PBXFileReference; explicitFileType = wrapper.framework; includeInIndex = 0; path = Pods_FormApp.framework; sourceTree = BUILT_PRODUCTS_DIR; };
/* End PBXFileReference section */

/* Begin PBXFrameworksBuildPhase section */
		277CABC629813969009C11CB /* Frameworks */ = {
			isa = PBXFrameworksBuildPhase;
			buildActionMask = 2147483647;
			files = (
				56AA3C580E025EE1A3ACEF96 /* Pods_FormApp.framework in Frameworks */,
			);
			runOnlyForDeploymentPostprocessing = 0;
		};
/* End PBXFrameworksBuildPhase section */

/* Begin PBXGroup section */
		211070014BA3C8119B6C10AF /* Pods */ = {
			isa = PBXGroup;
			children = (
				B611ED640CC1459035AF997F /* Pods-FormApp.debug.xcconfig */,
				51DECD008AA1B38BD035E23F /* Pods-FormApp.release.xcconfig */,
			);
			path = Pods;
			sourceTree = "<group>";
		};
		277CABC029813969009C11CB = {
			isa = PBXGroup;
			children = (
				277CABCB29813969009C11CB /* FormApp */,
				277CABCA29813969009C11CB /* Products */,
				211070014BA3C8119B6C10AF /* Pods */,
				C61978CFF90485426008D2BB /* Frameworks */,
			);
			sourceTree = "<group>";
		};
		277CABCA29813969009C11CB /* Products */ = {
			isa = PBXGroup;
			children = (
				277CABC929813969009C11CB /* FormApp.app */,
			);
			name = Products;
			sourceTree = "<group>";
		};
		277CABCB29813969009C11CB /* FormApp */ = {
			isa = PBXGroup;
			children = (
				CE976CAE2A5498E800059801 /* Fonts */,
				CEF2BB242A018E3600D4DBA1 /* Extenstions+Designables */,
				CE5D7F1529F1FD6200A7D212 /* Resources */,
				CE5D7F1429F1FD3400A7D212 /* Configurations */,
				CE5D7F0629F1FAA300A7D212 /* AppDelegate */,
				CE42025A29B887F600517FCA /* Realm */,
				279404C829A0BBFD00742AD9 /* Networkable */,
				277CABFA2981A0E4009C11CB /* Protocols */,
				CE5D7EF029F1D70B00A7D212 /* Scenes */,
				CE5D7F0529F1F9E200A7D212 /* Storyboards */,
				277CABE029814A19009C11CB /* Helper */,
			);
			path = FormApp;
			sourceTree = "<group>";
		};
		277CABE029814A19009C11CB /* Helper */ = {
			isa = PBXGroup;
			children = (
				279404E629A2B8CC00742AD9 /* Validator.swift */,
				279404D129A0BCEF00742AD9 /* AppData.swift */,
				279404D229A0BCEF00742AD9 /* KeychainOperations.swift */,
				279404D029A0BCEF00742AD9 /* KeychainWrapper.swift */,
				277CABF129815062009C11CB /* UIViewFromNIB.swift */,
				277CABE129814A42009C11CB /* UITextFieldDataPicker.swift */,
				27CC17A629A555BB007BADC0 /* Extensions.swift */,
			);
			path = Helper;
			sourceTree = "<group>";
		};
		277CABEC29814FB5009C11CB /* CustomComponents */ = {
			isa = PBXGroup;
			children = (
				27CC179929A40536007BADC0 /* Designable */,
				279404EB29A2BA0600742AD9 /* CustomAlerts */,
				272C869F29AE04D50028D1C1 /* SearchView.swift */,
				272C86A029AE04D50028D1C1 /* SearchView.xib */,
				277CABFD2981A202009C11CB /* TableViewHelper.swift */,
				277CABED29814FD5009C11CB /* MainTF.swift */,
				277CABEE29814FD5009C11CB /* MainTF.xib */,
			);
			path = CustomComponents;
			sourceTree = "<group>";
		};
		277CABF52981997D009C11CB /* Cells */ = {
			isa = PBXGroup;
			children = (
				CE118D5F2A607B6100E0C117 /* SideBySideTableViewCell */,
				CEF4D1812A3F6F3F00110194 /* NewBoxTableViewCell */,
				CEF4D1802A3F6F3000110194 /* CustomFormItemTableViewCell */,
				CEF4D17F2A3F6F2400110194 /* FormTypeNoteCell */,
				CEF4D17E2A3F6F1900110194 /* UserFormItemTableViewCell */,
			);
			path = Cells;
			sourceTree = "<group>";
		};
		277CABFA2981A0E4009C11CB /* Protocols */ = {
			isa = PBXGroup;
			children = (
				279404D729A0C86400742AD9 /* Networkable.swift */,
				279404D629A0C86400742AD9 /* Storyboarded.swift */,
				277CABFB2981A151009C11CB /* NibLoadableView.swift */,
			);
			path = Protocols;
			sourceTree = "<group>";
		};
		279404C829A0BBFD00742AD9 /* Networkable */ = {
			isa = PBXGroup;
			children = (
				279404CE29A0BC9A00742AD9 /* AppConfig.swift */,
				279404C929A0BC2B00742AD9 /* AppTarget.swift */,
				279404CB29A0BC3F00742AD9 /* AppNetworkable.swift */,
				279404DD29A0C89C00742AD9 /* BaseResponse.swift */,
				CE6AED5B2A30CE2A00BC24A4 /* VersionModel.swift */,
			);
			path = Networkable;
			sourceTree = "<group>";
		};
		279404EB29A2BA0600742AD9 /* CustomAlerts */ = {
			isa = PBXGroup;
			children = (
				279404F129A2BA1700742AD9 /* AlertController.swift */,
				279404ED29A2BA1700742AD9 /* CDAlertHeaderView.swift */,
				279404F229A2BA1700742AD9 /* CDAlertView.swift */,
				279404EF29A2BA1700742AD9 /* CDAlertView+Extension.swift */,
				279404EE29A2BA1700742AD9 /* CDAlertViewType.swift */,
				279404F029A2BA1700742AD9 /* ImageHelper.swift */,
				279404EC29A2BA1700742AD9 /* LayoutConstraintsExtension.swift */,
			);
			path = CustomAlerts;
			sourceTree = "<group>";
		};
		27CC179929A40536007BADC0 /* Designable */ = {
			isa = PBXGroup;
			children = (
				27CC179D29A4058B007BADC0 /* BottomBorderTextField.swift */,
				27CC179B29A4058B007BADC0 /* CheckBox.swift */,
				27CC179E29A4058B007BADC0 /* UIButtonDesignable.swift */,
				27CC179C29A4058B007BADC0 /* UIViewDesignable.swift */,
			);
			path = Designable;
			sourceTree = "<group>";
		};
		C61978CFF90485426008D2BB /* Frameworks */ = {
			isa = PBXGroup;
			children = (
				FF08162BB8D1E1AEC258DA07 /* Pods_FormApp.framework */,
			);
			name = Frameworks;
			sourceTree = "<group>";
		};
		CE118D5F2A607B6100E0C117 /* SideBySideTableViewCell */ = {
			isa = PBXGroup;
			children = (
				CE118D602A607B7C00E0C117 /* SideBySideTableViewCell.swift */,
				CE52B52B2A717CBD0092A2DF /* SideBySideTableViewCell.xib */,
			);
			path = SideBySideTableViewCell;
			sourceTree = "<group>";
		};
		CE42025A29B887F600517FCA /* Realm */ = {
			isa = PBXGroup;
			children = (
				CE42026029B8896F00517FCA /* RealmModel */,
				CE42025F29B8896700517FCA /* RealmManager */,
			);
			path = Realm;
			sourceTree = "<group>";
		};
		CE42025F29B8896700517FCA /* RealmManager */ = {
			isa = PBXGroup;
			children = (
				CE42025B29B8880900517FCA /* RealmManager.swift */,
				CE42025D29B8894D00517FCA /* RealmManagerInterface.swift */,
				CEA0B7BF29F5757D00F7316C /* RealmController.swift */,
			);
			path = RealmManager;
			sourceTree = "<group>";
		};
		CE42026029B8896F00517FCA /* RealmModel */ = {
			isa = PBXGroup;
			children = (
				CE42026129B88A0900517FCA /* DataDetailsDBModel.swift */,
				CE54B76729BDCE2C00C9C9F1 /* RequestModel.swift */,
				CE08C9A829BF6EEB002434EB /* FormItemDBModel.swift */,
				CE59C00E29DC5C0B0002C1F8 /* FormItemReason.swift */,
				CECD94242A1E9F85007BEB65 /* FormItemNewBox.swift */,
				CEA798532A46F05E00813277 /* SubContractorsDBModel.swift */,
			);
			path = RealmModel;
			sourceTree = "<group>";
		};
		CE5D7EF029F1D70B00A7D212 /* Scenes */ = {
			isa = PBXGroup;
			children = (
				CE5D7EF229F1D75B00A7D212 /* AuthVC */,
				CE5D7EF429F1D76F00A7D212 /* LoginVC */,
				CE5D7EF329F1D76300A7D212 /* SignUpVC */,
				CE5D7EF529F1D77600A7D212 /* HomeVC */,
				CE5D7EF629F1D78000A7D212 /* QCFormVC */,
				CEF2BB4D2A01A65A00D4DBA1 /* MaterialsVC */,
				CECD94202A1E63BA007BEB65 /* CreateFormItemVC */,
				CEA6F52D2A0A76BC00C6A7A0 /* MaterialsDetailsVC */,
				CE5D7F0D29F1FC0500A7D212 /* Model */,
				CE8169DE2A05850C00CBF0AD /* CreateMaterialVC */,
				CE5D7EF929F1D79A00A7D212 /* PORequestVC */,
				CE5D7EF729F1D78B00A7D212 /* SubmittedFormsVC */,
				CE5D7EF129F1D75100A7D212 /* PickerVCs */,
				277CABEC29814FB5009C11CB /* CustomComponents */,
			);
			path = Scenes;
			sourceTree = "<group>";
		};
		CE5D7EF129F1D75100A7D212 /* PickerVCs */ = {
			isa = PBXGroup;
			children = (
				272C869D29AE04C40028D1C1 /* PickerVC.swift */,
				CEC08E6829E0A51A00FC8CBF /* DatePickerVC.swift */,
			);
			path = PickerVCs;
			sourceTree = "<group>";
		};
		CE5D7EF229F1D75B00A7D212 /* AuthVC */ = {
			isa = PBXGroup;
			children = (
				277CABD029813969009C11CB /* AuthVC.swift */,
				CE75CEB72A4B7ED200C5F59E /* AuthPresenter.swift */,
			);
			path = AuthVC;
			sourceTree = "<group>";
		};
		CE5D7EF329F1D76300A7D212 /* SignUpVC */ = {
			isa = PBXGroup;
			children = (
				277CABE429814E57009C11CB /* SignUpVC.swift */,
				CE5D7EFA29F1DF0000A7D212 /* SignUpPresenter.swift */,
			);
			path = SignUpVC;
			sourceTree = "<group>";
		};
		CE5D7EF429F1D76F00A7D212 /* LoginVC */ = {
			isa = PBXGroup;
			children = (
				CE5D7F0729F1FB7700A7D212 /* Model */,
				277CABE629814E6F009C11CB /* LoginVC.swift */,
				CE5D7EFC29F1E36400A7D212 /* LoginPresenter.swift */,
			);
			path = LoginVC;
			sourceTree = "<group>";
		};
		CE5D7EF529F1D77600A7D212 /* HomeVC */ = {
			isa = PBXGroup;
			children = (
				CEF2BB442A018E7400D4DBA1 /* Cells */,
				277CABE829814F05009C11CB /* HomeVC.swift */,
				CE5D7EFE29F1E4C400A7D212 /* HomePresenter.swift */,
			);
			path = HomeVC;
			sourceTree = "<group>";
		};
		CE5D7EF629F1D78000A7D212 /* QCFormVC */ = {
			isa = PBXGroup;
			children = (
				CE5D7F0A29F1FBD600A7D212 /* Model */,
				277CABF52981997D009C11CB /* Cells */,
				277CABEA29814F29009C11CB /* QCFormVC.swift */,
				CE5D7F0029F1F22F00A7D212 /* QCFormPresenter.swift */,
			);
			path = QCFormVC;
			sourceTree = "<group>";
		};
		CE5D7EF729F1D78B00A7D212 /* SubmittedFormsVC */ = {
			isa = PBXGroup;
			children = (
				CE5D7F1329F1FD1A00A7D212 /* Models */,
				CE5D7F0429F1F77C00A7D212 /* Cells */,
				CE3A79C729C71B3B00413E0B /* SubmittedFormsVC.swift */,
				CE5D7F0229F1F56C00A7D212 /* SubmittedFormsPresenter.swift */,
			);
			path = SubmittedFormsVC;
			sourceTree = "<group>";
		};
		CE5D7EF929F1D79A00A7D212 /* PORequestVC */ = {
			isa = PBXGroup;
			children = (
				CE5D7EEE29F1D48F00A7D212 /* PORequestVC.swift */,
				CEA0B7BD29F573D800F7316C /* PORequestPresenter.swift */,
			);
			path = PORequestVC;
			sourceTree = "<group>";
		};
		CE5D7F0429F1F77C00A7D212 /* Cells */ = {
			isa = PBXGroup;
			children = (
				CE3A79C329C70A0500413E0B /* FormTableViewCell.swift */,
				CE3A79C429C70A0500413E0B /* FormTableViewCell.xib */,
			);
			path = Cells;
			sourceTree = "<group>";
		};
		CE5D7F0529F1F9E200A7D212 /* Storyboards */ = {
			isa = PBXGroup;
			children = (
				277CABD229813969009C11CB /* Main.storyboard */,
				277CABD72981396A009C11CB /* LaunchScreen.storyboard */,
			);
			path = Storyboards;
			sourceTree = "<group>";
		};
		CE5D7F0629F1FAA300A7D212 /* AppDelegate */ = {
			isa = PBXGroup;
			children = (
				277CABCC29813969009C11CB /* AppDelegate.swift */,
				277CABCE29813969009C11CB /* SceneDelegate.swift */,
			);
			path = AppDelegate;
			sourceTree = "<group>";
		};
		CE5D7F0729F1FB7700A7D212 /* Model */ = {
			isa = PBXGroup;
			children = (
				CE5D7F0829F1FB8400A7D212 /* User.swift */,
			);
			path = Model;
			sourceTree = "<group>";
		};
		CE5D7F0A29F1FBD600A7D212 /* Model */ = {
			isa = PBXGroup;
			children = (
				CE5D7F0B29F1FBE200A7D212 /* QCFormModels.swift */,
			);
			path = Model;
			sourceTree = "<group>";
		};
		CE5D7F0D29F1FC0500A7D212 /* Model */ = {
			isa = PBXGroup;
			children = (
				CE5D7F0E29F1FC1200A7D212 /* HomeModels.swift */,
			);
			path = Model;
			sourceTree = "<group>";
		};
		CE5D7F1329F1FD1A00A7D212 /* Models */ = {
			isa = PBXGroup;
			children = (
				CE5D7F1129F1FD0300A7D212 /* SubmittedFormsModels.swift */,
			);
			path = Models;
			sourceTree = "<group>";
		};
		CE5D7F1429F1FD3400A7D212 /* Configurations */ = {
			isa = PBXGroup;
			children = (
				277CABDA2981396A009C11CB /* Info.plist */,
			);
			path = Configurations;
			sourceTree = "<group>";
		};
		CE5D7F1529F1FD6200A7D212 /* Resources */ = {
			isa = PBXGroup;
			children = (
				277CABD52981396A009C11CB /* Assets.xcassets */,
			);
			path = Resources;
			sourceTree = "<group>";
		};
		CE8169DE2A05850C00CBF0AD /* CreateMaterialVC */ = {
			isa = PBXGroup;
			children = (
				CE8169DF2A05852800CBF0AD /* CreateMaterialVC.swift */,
				CE56835E2A079E20002A2D01 /* CreateMaterialPresenter.swift */,
			);
			path = CreateMaterialVC;
			sourceTree = "<group>";
		};
		CE976CAE2A5498E800059801 /* Fonts */ = {
			isa = PBXGroup;
			children = (
				CE976CB22A54993900059801 /* Questrial */,
				CE976CB12A54992F00059801 /* Audiowide */,
			);
			path = Fonts;
			sourceTree = "<group>";
		};
		CE976CB12A54992F00059801 /* Audiowide */ = {
			isa = PBXGroup;
			children = (
				CE976CAF2A54990400059801 /* Audiowide-Regular.ttf */,
			);
			path = Audiowide;
			sourceTree = "<group>";
		};
		CE976CB22A54993900059801 /* Questrial */ = {
			isa = PBXGroup;
			children = (
				CE976CB32A54993F00059801 /* Questrial-Regular.ttf */,
			);
			path = Questrial;
			sourceTree = "<group>";
		};
		CEA6F5282A0A70B100C6A7A0 /* Cells */ = {
			isa = PBXGroup;
			children = (
				CEA6F5292A0A70CE00C6A7A0 /* MaterialTableViewCell.swift */,
				CEA6F52A2A0A70CE00C6A7A0 /* MaterialTableViewCell.xib */,
			);
			path = Cells;
			sourceTree = "<group>";
		};
		CEA6F52D2A0A76BC00C6A7A0 /* MaterialsDetailsVC */ = {
			isa = PBXGroup;
			children = (
				CEA6F52E2A0A76D400C6A7A0 /* MaterialsDetailsVC.swift */,
			);
			path = MaterialsDetailsVC;
			sourceTree = "<group>";
		};
		CECD94202A1E63BA007BEB65 /* CreateFormItemVC */ = {
			isa = PBXGroup;
			children = (
				CECD94212A1E63C7007BEB65 /* CreateFormItemVC.swift */,
			);
			path = CreateFormItemVC;
			sourceTree = "<group>";
		};
		CEF2BB242A018E3600D4DBA1 /* Extenstions+Designables */ = {
			isa = PBXGroup;
			children = (
				CEF2BB252A018E3600D4DBA1 /* ViewCustomExtension.swift */,
				CEF2BB262A018E3600D4DBA1 /* Designables */,
			);
			path = "Extenstions+Designables";
			sourceTree = "<group>";
		};
		CEF2BB262A018E3600D4DBA1 /* Designables */ = {
			isa = PBXGroup;
			children = (
				CEF2BB272A018E3600D4DBA1 /* UIViewCustomCornerRadiusWithGraidentView.swift */,
				CEF2BB282A018E3600D4DBA1 /* UIViewCustomCornerRadius.swift */,
				CEF2BB2A2A018E3600D4DBA1 /* CustomCournerView.swift */,
				CEF2BB2B2A018E3600D4DBA1 /*  GraidentButton.swift */,
				CEF2BB2D2A018E3600D4DBA1 /* IconTextField.swift */,
				CEF2BB2E2A018E3600D4DBA1 /* GraidentLabel.swift */,
				CEF2BB2F2A018E3600D4DBA1 /* RoundedTextField.swift */,
				CEF2BB302A018E3600D4DBA1 /* UIImageViewCustomCornerRadius.swift */,
				CEF2BB312A018E3600D4DBA1 /* UIImageViewDesignable.swift */,
				CEF2BB332A018E3600D4DBA1 /* GraidentView.swift */,
				CEF2BB342A018E3600D4DBA1 /* UILabelDesignable.swift */,
				CE9F7A082A02BA0700C04F40 /* UIPaddedTextField.swift */,
			);
			path = Designables;
			sourceTree = "<group>";
		};
		CEF2BB442A018E7400D4DBA1 /* Cells */ = {
			isa = PBXGroup;
			children = (
				CEF2BB492A018EB400D4DBA1 /* HomeVCTableViewCell.swift */,
				CEF2BB4A2A018EB400D4DBA1 /* HomeVCTableViewCell.xib */,
			);
			path = Cells;
			sourceTree = "<group>";
		};
		CEF2BB4D2A01A65A00D4DBA1 /* MaterialsVC */ = {
			isa = PBXGroup;
			children = (
				CEA6F5282A0A70B100C6A7A0 /* Cells */,
				CEF2BB4E2A01A68000D4DBA1 /* MaterialsVC.swift */,
				CE9F7A0A2A02C7B400C04F40 /* MaterialsPrestner.swift */,
			);
			path = MaterialsVC;
			sourceTree = "<group>";
		};
		CEF4D17E2A3F6F1900110194 /* UserFormItemTableViewCell */ = {
			isa = PBXGroup;
			children = (
				CEAC3CA52A19291B009774AD /* UserFormItemTableViewCell.swift */,
				CEAC3CA62A19291B009774AD /* UserFormItemTableViewCell.xib */,
			);
			path = UserFormItemTableViewCell;
			sourceTree = "<group>";
		};
		CEF4D17F2A3F6F2400110194 /* FormTypeNoteCell */ = {
			isa = PBXGroup;
			children = (
				277CABF6298199B6009C11CB /* FormTypeNoteCell.swift */,
				277CABF7298199B6009C11CB /* FormTypeNoteCell.xib */,
			);
			path = FormTypeNoteCell;
			sourceTree = "<group>";
		};
		CEF4D1802A3F6F3000110194 /* CustomFormItemTableViewCell */ = {
			isa = PBXGroup;
			children = (
				CECD94262A1EB478007BEB65 /* CustomFormItemTableViewCell.swift */,
				CECD94272A1EB478007BEB65 /* CustomFormItemTableViewCell.xib */,
			);
			path = CustomFormItemTableViewCell;
			sourceTree = "<group>";
		};
		CEF4D1812A3F6F3F00110194 /* NewBoxTableViewCell */ = {
			isa = PBXGroup;
			children = (
				CE0B92362A28E64500530977 /* NewBoxTableViewCell.swift */,
				CE0B92372A28E64500530977 /* NewBoxTableViewCell.xib */,
			);
			path = NewBoxTableViewCell;
			sourceTree = "<group>";
		};
/* End PBXGroup section */

/* Begin PBXNativeTarget section */
		277CABC829813969009C11CB /* FormApp */ = {
			isa = PBXNativeTarget;
			buildConfigurationList = 277CABDD2981396A009C11CB /* Build configuration list for PBXNativeTarget "FormApp" */;
			buildPhases = (
				063841ABF194B7DF8B631EB9 /* [CP] Check Pods Manifest.lock */,
				277CABC529813969009C11CB /* Sources */,
				277CABC629813969009C11CB /* Frameworks */,
				277CABC729813969009C11CB /* Resources */,
				492F09B4CDC702B9B0436054 /* [CP] Embed Pods Frameworks */,
			);
			buildRules = (
			);
			dependencies = (
			);
			name = FormApp;
			packageProductDependencies = (
			);
			productName = FormApp;
			productReference = 277CABC929813969009C11CB /* FormApp.app */;
			productType = "com.apple.product-type.application";
		};
/* End PBXNativeTarget section */

/* Begin PBXProject section */
		277CABC129813969009C11CB /* Project object */ = {
			isa = PBXProject;
			attributes = {
				BuildIndependentTargetsInParallel = 1;
				LastSwiftUpdateCheck = 1420;
				LastUpgradeCheck = 1420;
				TargetAttributes = {
					277CABC829813969009C11CB = {
						CreatedOnToolsVersion = 14.2;
					};
				};
			};
			buildConfigurationList = 277CABC429813969009C11CB /* Build configuration list for PBXProject "FormApp" */;
			compatibilityVersion = "Xcode 13.0";
			developmentRegion = en;
			hasScannedForEncodings = 0;
			knownRegions = (
				en,
				Base,
			);
			mainGroup = 277CABC029813969009C11CB;
			packageReferences = (
			);
			productRefGroup = 277CABCA29813969009C11CB /* Products */;
			projectDirPath = "";
			projectRoot = "";
			targets = (
				277CABC829813969009C11CB /* FormApp */,
			);
		};
/* End PBXProject section */

/* Begin PBXResourcesBuildPhase section */
		277CABC729813969009C11CB /* Resources */ = {
			isa = PBXResourcesBuildPhase;
			buildActionMask = 2147483647;
			files = (
				277CABD92981396A009C11CB /* LaunchScreen.storyboard in Resources */,
				CEAC3CA82A19291B009774AD /* UserFormItemTableViewCell.xib in Resources */,
				CECD94292A1EB478007BEB65 /* CustomFormItemTableViewCell.xib in Resources */,
				277CABD62981396A009C11CB /* Assets.xcassets in Resources */,
				CE976CB42A54993F00059801 /* Questrial-Regular.ttf in Resources */,
				272C86A229AE04D50028D1C1 /* SearchView.xib in Resources */,
				CEA6F52C2A0A70CE00C6A7A0 /* MaterialTableViewCell.xib in Resources */,
				CE0B92392A28E64500530977 /* NewBoxTableViewCell.xib in Resources */,
				277CABF029814FD5009C11CB /* MainTF.xib in Resources */,
				CE52B52C2A717CBD0092A2DF /* SideBySideTableViewCell.xib in Resources */,
				277CABD429813969009C11CB /* Main.storyboard in Resources */,
				CE976CB02A54990400059801 /* Audiowide-Regular.ttf in Resources */,
				CEF2BB4C2A018EB400D4DBA1 /* HomeVCTableViewCell.xib in Resources */,
				277CABF9298199B7009C11CB /* FormTypeNoteCell.xib in Resources */,
				CE3A79C629C70A0500413E0B /* FormTableViewCell.xib in Resources */,
			);
			runOnlyForDeploymentPostprocessing = 0;
		};
/* End PBXResourcesBuildPhase section */

/* Begin PBXShellScriptBuildPhase section */
		063841ABF194B7DF8B631EB9 /* [CP] Check Pods Manifest.lock */ = {
			isa = PBXShellScriptBuildPhase;
			buildActionMask = 2147483647;
			files = (
			);
			inputFileListPaths = (
			);
			inputPaths = (
				"${PODS_PODFILE_DIR_PATH}/Podfile.lock",
				"${PODS_ROOT}/Manifest.lock",
			);
			name = "[CP] Check Pods Manifest.lock";
			outputFileListPaths = (
			);
			outputPaths = (
				"$(DERIVED_FILE_DIR)/Pods-FormApp-checkManifestLockResult.txt",
			);
			runOnlyForDeploymentPostprocessing = 0;
			shellPath = /bin/sh;
			shellScript = "diff \"${PODS_PODFILE_DIR_PATH}/Podfile.lock\" \"${PODS_ROOT}/Manifest.lock\" > /dev/null\nif [ $? != 0 ] ; then\n    # print error to STDERR\n    echo \"error: The sandbox is not in sync with the Podfile.lock. Run 'pod install' or update your CocoaPods installation.\" >&2\n    exit 1\nfi\n# This output is used by Xcode 'outputs' to avoid re-running this script phase.\necho \"SUCCESS\" > \"${SCRIPT_OUTPUT_FILE_0}\"\n";
			showEnvVarsInLog = 0;
		};
		492F09B4CDC702B9B0436054 /* [CP] Embed Pods Frameworks */ = {
			isa = PBXShellScriptBuildPhase;
			buildActionMask = 2147483647;
			files = (
			);
			inputFileListPaths = (
				"${PODS_ROOT}/Target Support Files/Pods-FormApp/Pods-FormApp-frameworks-${CONFIGURATION}-input-files.xcfilelist",
			);
			name = "[CP] Embed Pods Frameworks";
			outputFileListPaths = (
				"${PODS_ROOT}/Target Support Files/Pods-FormApp/Pods-FormApp-frameworks-${CONFIGURATION}-output-files.xcfilelist",
			);
			runOnlyForDeploymentPostprocessing = 0;
			shellPath = /bin/sh;
			shellScript = "\"${PODS_ROOT}/Target Support Files/Pods-FormApp/Pods-FormApp-frameworks.sh\"\n";
			showEnvVarsInLog = 0;
		};
/* End PBXShellScriptBuildPhase section */

/* Begin PBXSourcesBuildPhase section */
		277CABC529813969009C11CB /* Sources */ = {
			isa = PBXSourcesBuildPhase;
			buildActionMask = 2147483647;
			files = (
				279404F929A2BA1700742AD9 /* CDAlertView.swift in Sources */,
				CECD94222A1E63C7007BEB65 /* CreateFormItemVC.swift in Sources */,
				CE9F7A0B2A02C7B400C04F40 /* MaterialsPrestner.swift in Sources */,
				CEA6F5302A0A76D400C6A7A0 /* MaterialsDetailsVC.swift in Sources */,
				279404CA29A0BC2B00742AD9 /* AppTarget.swift in Sources */,
				CE54B76829BDCE2C00C9C9F1 /* RequestModel.swift in Sources */,
				279404E729A2B8CC00742AD9 /* Validator.swift in Sources */,
				CECD94282A1EB478007BEB65 /* CustomFormItemTableViewCell.swift in Sources */,
				277CABFE2981A202009C11CB /* TableViewHelper.swift in Sources */,
				CEA6F52B2A0A70CE00C6A7A0 /* MaterialTableViewCell.swift in Sources */,
				27CC17A329A4058B007BADC0 /* BottomBorderTextField.swift in Sources */,
				279404F429A2BA1700742AD9 /* CDAlertHeaderView.swift in Sources */,
				277CABD129813969009C11CB /* AuthVC.swift in Sources */,
				277CABE929814F05009C11CB /* HomeVC.swift in Sources */,
				272C86A129AE04D50028D1C1 /* SearchView.swift in Sources */,
				279404D429A0BCEF00742AD9 /* AppData.swift in Sources */,
				CEF2BB392A018E3600D4DBA1 /* CustomCournerView.swift in Sources */,
				277CABEB29814F29009C11CB /* QCFormVC.swift in Sources */,
				CEA0B7BE29F573D800F7316C /* PORequestPresenter.swift in Sources */,
				277CABE229814A42009C11CB /* UITextFieldDataPicker.swift in Sources */,
				277CABEF29814FD5009C11CB /* MainTF.swift in Sources */,
				CEF2BB3D2A018E3600D4DBA1 /* GraidentLabel.swift in Sources */,
				CE5D7EFD29F1E36400A7D212 /* LoginPresenter.swift in Sources */,
				CEAC3CA72A19291B009774AD /* UserFormItemTableViewCell.swift in Sources */,
				279404F629A2BA1700742AD9 /* CDAlertView+Extension.swift in Sources */,
				CEF2BB3F2A018E3600D4DBA1 /* UIImageViewCustomCornerRadius.swift in Sources */,
				277CABE729814E6F009C11CB /* LoginVC.swift in Sources */,
				279404D329A0BCEF00742AD9 /* KeychainWrapper.swift in Sources */,
				279404F729A2BA1700742AD9 /* ImageHelper.swift in Sources */,
				CEF2BB4F2A01A68000D4DBA1 /* MaterialsVC.swift in Sources */,
				CE42025C29B8880900517FCA /* RealmManager.swift in Sources */,
				CEA0B7C029F5757D00F7316C /* RealmController.swift in Sources */,
				27CC17A229A4058B007BADC0 /* UIViewDesignable.swift in Sources */,
				CE118D622A607B7C00E0C117 /* SideBySideTableViewCell.swift in Sources */,
				CE42026229B88A0900517FCA /* DataDetailsDBModel.swift in Sources */,
				CE5D7F0329F1F56C00A7D212 /* SubmittedFormsPresenter.swift in Sources */,
				277CABF229815062009C11CB /* UIViewFromNIB.swift in Sources */,
				279404CF29A0BC9A00742AD9 /* AppConfig.swift in Sources */,
				CEA798542A46F05E00813277 /* SubContractorsDBModel.swift in Sources */,
				CE5D7F0129F1F22F00A7D212 /* QCFormPresenter.swift in Sources */,
				CE5D7EEF29F1D48F00A7D212 /* PORequestVC.swift in Sources */,
				CE3A79C529C70A0500413E0B /* FormTableViewCell.swift in Sources */,
				27CC17A129A4058B007BADC0 /* CheckBox.swift in Sources */,
				CEF2BB3E2A018E3600D4DBA1 /* RoundedTextField.swift in Sources */,
				CEF2BB372A018E3600D4DBA1 /* UIViewCustomCornerRadius.swift in Sources */,
				272C869E29AE04C40028D1C1 /* PickerVC.swift in Sources */,
				CE5D7F1229F1FD0300A7D212 /* SubmittedFormsModels.swift in Sources */,
				CEF2BB352A018E3600D4DBA1 /* ViewCustomExtension.swift in Sources */,
				279404F829A2BA1700742AD9 /* AlertController.swift in Sources */,
				CE5D7F0929F1FB8400A7D212 /* User.swift in Sources */,
				CE5D7F0C29F1FBE200A7D212 /* QCFormModels.swift in Sources */,
				CEF2BB402A018E3600D4DBA1 /* UIImageViewDesignable.swift in Sources */,
				CEF2BB4B2A018EB400D4DBA1 /* HomeVCTableViewCell.swift in Sources */,
				CEF2BB432A018E3600D4DBA1 /* UILabelDesignable.swift in Sources */,
				CE5D7EFF29F1E4C400A7D212 /* HomePresenter.swift in Sources */,
				CEF2BB422A018E3600D4DBA1 /* GraidentView.swift in Sources */,
				CE0B92382A28E64500530977 /* NewBoxTableViewCell.swift in Sources */,
				277CABCD29813969009C11CB /* AppDelegate.swift in Sources */,
				279404DE29A0C89C00742AD9 /* BaseResponse.swift in Sources */,
				277CABFC2981A151009C11CB /* NibLoadableView.swift in Sources */,
				CEC08E6A29E0A51A00FC8CBF /* DatePickerVC.swift in Sources */,
				CE8169E02A05852800CBF0AD /* CreateMaterialVC.swift in Sources */,
				279404F329A2BA1700742AD9 /* LayoutConstraintsExtension.swift in Sources */,
				CE3A79C829C71B3B00413E0B /* SubmittedFormsVC.swift in Sources */,
				277CABF8298199B7009C11CB /* FormTypeNoteCell.swift in Sources */,
				277CABE529814E57009C11CB /* SignUpVC.swift in Sources */,
				CEF2BB3C2A018E3600D4DBA1 /* IconTextField.swift in Sources */,
				27CC17A429A4058B007BADC0 /* UIButtonDesignable.swift in Sources */,
				279404CC29A0BC3F00742AD9 /* AppNetworkable.swift in Sources */,
				279404DA29A0C86400742AD9 /* Networkable.swift in Sources */,
				27CC17A729A555BB007BADC0 /* Extensions.swift in Sources */,
				CE56835F2A079E20002A2D01 /* CreateMaterialPresenter.swift in Sources */,
				CE42025E29B8894D00517FCA /* RealmManagerInterface.swift in Sources */,
				CE5D7F0F29F1FC1200A7D212 /* HomeModels.swift in Sources */,
				CE08C9A929BF6EEB002434EB /* FormItemDBModel.swift in Sources */,
				CE75CEB82A4B7ED200C5F59E /* AuthPresenter.swift in Sources */,
				CE59C00F29DC5C0B0002C1F8 /* FormItemReason.swift in Sources */,
				CECD94252A1E9F85007BEB65 /* FormItemNewBox.swift in Sources */,
				279404F529A2BA1700742AD9 /* CDAlertViewType.swift in Sources */,
				CE9F7A092A02BA0700C04F40 /* UIPaddedTextField.swift in Sources */,
				CEF2BB3A2A018E3600D4DBA1 /*  GraidentButton.swift in Sources */,
				CEF2BB362A018E3600D4DBA1 /* UIViewCustomCornerRadiusWithGraidentView.swift in Sources */,
				277CABCF29813969009C11CB /* SceneDelegate.swift in Sources */,
				279404D529A0BCEF00742AD9 /* KeychainOperations.swift in Sources */,
				CE5D7EFB29F1DF0000A7D212 /* SignUpPresenter.swift in Sources */,
				CE6AED5C2A30CE2A00BC24A4 /* VersionModel.swift in Sources */,
				279404D929A0C86400742AD9 /* Storyboarded.swift in Sources */,
			);
			runOnlyForDeploymentPostprocessing = 0;
		};
/* End PBXSourcesBuildPhase section */

/* Begin PBXVariantGroup section */
		277CABD229813969009C11CB /* Main.storyboard */ = {
			isa = PBXVariantGroup;
			children = (
				277CABD329813969009C11CB /* Base */,
			);
			name = Main.storyboard;
			sourceTree = "<group>";
		};
		277CABD72981396A009C11CB /* LaunchScreen.storyboard */ = {
			isa = PBXVariantGroup;
			children = (
				277CABD82981396A009C11CB /* Base */,
			);
			name = LaunchScreen.storyboard;
			sourceTree = "<group>";
		};
/* End PBXVariantGroup section */

/* Begin XCBuildConfiguration section */
		277CABDB2981396A009C11CB /* Debug */ = {
			isa = XCBuildConfiguration;
			buildSettings = {
				ALWAYS_SEARCH_USER_PATHS = NO;
				CLANG_ANALYZER_NONNULL = YES;
				CLANG_ANALYZER_NUMBER_OBJECT_CONVERSION = YES_AGGRESSIVE;
				CLANG_CXX_LANGUAGE_STANDARD = "gnu++20";
				CLANG_ENABLE_MODULES = YES;
				CLANG_ENABLE_OBJC_ARC = YES;
				CLANG_ENABLE_OBJC_WEAK = YES;
				CLANG_WARN_BLOCK_CAPTURE_AUTORELEASING = YES;
				CLANG_WARN_BOOL_CONVERSION = YES;
				CLANG_WARN_COMMA = YES;
				CLANG_WARN_CONSTANT_CONVERSION = YES;
				CLANG_WARN_DEPRECATED_OBJC_IMPLEMENTATIONS = YES;
				CLANG_WARN_DIRECT_OBJC_ISA_USAGE = YES_ERROR;
				CLANG_WARN_DOCUMENTATION_COMMENTS = YES;
				CLANG_WARN_EMPTY_BODY = YES;
				CLANG_WARN_ENUM_CONVERSION = YES;
				CLANG_WARN_INFINITE_RECURSION = YES;
				CLANG_WARN_INT_CONVERSION = YES;
				CLANG_WARN_NON_LITERAL_NULL_CONVERSION = YES;
				CLANG_WARN_OBJC_IMPLICIT_RETAIN_SELF = YES;
				CLANG_WARN_OBJC_LITERAL_CONVERSION = YES;
				CLANG_WARN_OBJC_ROOT_CLASS = YES_ERROR;
				CLANG_WARN_QUOTED_INCLUDE_IN_FRAMEWORK_HEADER = YES;
				CLANG_WARN_RANGE_LOOP_ANALYSIS = YES;
				CLANG_WARN_STRICT_PROTOTYPES = YES;
				CLANG_WARN_SUSPICIOUS_MOVE = YES;
				CLANG_WARN_UNGUARDED_AVAILABILITY = YES_AGGRESSIVE;
				CLANG_WARN_UNREACHABLE_CODE = YES;
				CLANG_WARN__DUPLICATE_METHOD_MATCH = YES;
				COPY_PHASE_STRIP = NO;
				DEBUG_INFORMATION_FORMAT = dwarf;
				ENABLE_STRICT_OBJC_MSGSEND = YES;
				ENABLE_TESTABILITY = YES;
				GCC_C_LANGUAGE_STANDARD = gnu11;
				GCC_DYNAMIC_NO_PIC = NO;
				GCC_NO_COMMON_BLOCKS = YES;
				GCC_OPTIMIZATION_LEVEL = 0;
				GCC_PREPROCESSOR_DEFINITIONS = (
					"DEBUG=1",
					"$(inherited)",
				);
				GCC_WARN_64_TO_32_BIT_CONVERSION = YES;
				GCC_WARN_ABOUT_RETURN_TYPE = YES_ERROR;
				GCC_WARN_UNDECLARED_SELECTOR = YES;
				GCC_WARN_UNINITIALIZED_AUTOS = YES_AGGRESSIVE;
				GCC_WARN_UNUSED_FUNCTION = YES;
				GCC_WARN_UNUSED_VARIABLE = YES;
				IPHONEOS_DEPLOYMENT_TARGET = 15.0;
				MTL_ENABLE_DEBUG_INFO = INCLUDE_SOURCE;
				MTL_FAST_MATH = YES;
				ONLY_ACTIVE_ARCH = YES;
				SDKROOT = iphoneos;
				SWIFT_ACTIVE_COMPILATION_CONDITIONS = DEBUG;
				SWIFT_OPTIMIZATION_LEVEL = "-Onone";
			};
			name = Debug;
		};
		277CABDC2981396A009C11CB /* Release */ = {
			isa = XCBuildConfiguration;
			buildSettings = {
				ALWAYS_SEARCH_USER_PATHS = NO;
				CLANG_ANALYZER_NONNULL = YES;
				CLANG_ANALYZER_NUMBER_OBJECT_CONVERSION = YES_AGGRESSIVE;
				CLANG_CXX_LANGUAGE_STANDARD = "gnu++20";
				CLANG_ENABLE_MODULES = YES;
				CLANG_ENABLE_OBJC_ARC = YES;
				CLANG_ENABLE_OBJC_WEAK = YES;
				CLANG_WARN_BLOCK_CAPTURE_AUTORELEASING = YES;
				CLANG_WARN_BOOL_CONVERSION = YES;
				CLANG_WARN_COMMA = YES;
				CLANG_WARN_CONSTANT_CONVERSION = YES;
				CLANG_WARN_DEPRECATED_OBJC_IMPLEMENTATIONS = YES;
				CLANG_WARN_DIRECT_OBJC_ISA_USAGE = YES_ERROR;
				CLANG_WARN_DOCUMENTATION_COMMENTS = YES;
				CLANG_WARN_EMPTY_BODY = YES;
				CLANG_WARN_ENUM_CONVERSION = YES;
				CLANG_WARN_INFINITE_RECURSION = YES;
				CLANG_WARN_INT_CONVERSION = YES;
				CLANG_WARN_NON_LITERAL_NULL_CONVERSION = YES;
				CLANG_WARN_OBJC_IMPLICIT_RETAIN_SELF = YES;
				CLANG_WARN_OBJC_LITERAL_CONVERSION = YES;
				CLANG_WARN_OBJC_ROOT_CLASS = YES_ERROR;
				CLANG_WARN_QUOTED_INCLUDE_IN_FRAMEWORK_HEADER = YES;
				CLANG_WARN_RANGE_LOOP_ANALYSIS = YES;
				CLANG_WARN_STRICT_PROTOTYPES = YES;
				CLANG_WARN_SUSPICIOUS_MOVE = YES;
				CLANG_WARN_UNGUARDED_AVAILABILITY = YES_AGGRESSIVE;
				CLANG_WARN_UNREACHABLE_CODE = YES;
				CLANG_WARN__DUPLICATE_METHOD_MATCH = YES;
				COPY_PHASE_STRIP = NO;
				DEBUG_INFORMATION_FORMAT = "dwarf-with-dsym";
				ENABLE_NS_ASSERTIONS = NO;
				ENABLE_STRICT_OBJC_MSGSEND = YES;
				GCC_C_LANGUAGE_STANDARD = gnu11;
				GCC_NO_COMMON_BLOCKS = YES;
				GCC_WARN_64_TO_32_BIT_CONVERSION = YES;
				GCC_WARN_ABOUT_RETURN_TYPE = YES_ERROR;
				GCC_WARN_UNDECLARED_SELECTOR = YES;
				GCC_WARN_UNINITIALIZED_AUTOS = YES_AGGRESSIVE;
				GCC_WARN_UNUSED_FUNCTION = YES;
				GCC_WARN_UNUSED_VARIABLE = YES;
				IPHONEOS_DEPLOYMENT_TARGET = 15.0;
				MTL_ENABLE_DEBUG_INFO = NO;
				MTL_FAST_MATH = YES;
				SDKROOT = iphoneos;
				SWIFT_COMPILATION_MODE = wholemodule;
				SWIFT_OPTIMIZATION_LEVEL = "-O";
				VALIDATE_PRODUCT = YES;
			};
			name = Release;
		};
		277CABDE2981396A009C11CB /* Debug */ = {
			isa = XCBuildConfiguration;
			baseConfigurationReference = B611ED640CC1459035AF997F /* Pods-FormApp.debug.xcconfig */;
			buildSettings = {
				ASSETCATALOG_COMPILER_APPICON_NAME = AppIcon;
				ASSETCATALOG_COMPILER_GLOBAL_ACCENT_COLOR_NAME = AccentColor;
				CODE_SIGN_IDENTITY = "Apple Development";
				CODE_SIGN_STYLE = Automatic;
				CURRENT_PROJECT_VERSION = 6;
				DEVELOPMENT_TEAM = XM9YMQACH6;
				GENERATE_INFOPLIST_FILE = YES;
				INFOPLIST_FILE = FormApp/Configurations/Info.plist;
				INFOPLIST_KEY_CFBundleDisplayName = Chesapeake;
				INFOPLIST_KEY_NSFaceIDUsageDescription = "Please allow to continue with Face ID";
				INFOPLIST_KEY_UIApplicationSupportsIndirectInputEvents = YES;
				INFOPLIST_KEY_UILaunchStoryboardName = LaunchScreen;
				INFOPLIST_KEY_UIMainStoryboardFile = Main;
				INFOPLIST_KEY_UIStatusBarStyle = UIStatusBarStyleLightContent;
				INFOPLIST_KEY_UISupportedInterfaceOrientations = "UIInterfaceOrientationLandscapeLeft UIInterfaceOrientationLandscapeRight UIInterfaceOrientationPortrait UIInterfaceOrientationPortraitUpsideDown";
				INFOPLIST_KEY_UIUserInterfaceStyle = Light;
				IPHONEOS_DEPLOYMENT_TARGET = 14.0;
				LD_RUNPATH_SEARCH_PATHS = (
					"$(inherited)",
					"@executable_path/Frameworks",
				);
				MARKETING_VERSION = 1.0.9;
				PRODUCT_BUNDLE_IDENTIFIER = ios.chesapeake.formApps;
				PRODUCT_NAME = "$(TARGET_NAME)";
				PROVISIONING_PROFILE_SPECIFIER = "";
				SUPPORTED_PLATFORMS = "iphoneos iphonesimulator";
				SUPPORTS_MACCATALYST = NO;
				SUPPORTS_MAC_DESIGNED_FOR_IPHONE_IPAD = NO;
				SUPPORTS_XR_DESIGNED_FOR_IPHONE_IPAD = NO;
				SWIFT_EMIT_LOC_STRINGS = YES;
				SWIFT_VERSION = 5.0;
				TARGETED_DEVICE_FAMILY = "1,2";
			};
			name = Debug;
		};
		277CABDF2981396A009C11CB /* Release */ = {
			isa = XCBuildConfiguration;
			baseConfigurationReference = 51DECD008AA1B38BD035E23F /* Pods-FormApp.release.xcconfig */;
			buildSettings = {
				ASSETCATALOG_COMPILER_APPICON_NAME = AppIcon;
				ASSETCATALOG_COMPILER_GLOBAL_ACCENT_COLOR_NAME = AccentColor;
				CODE_SIGN_IDENTITY = "Apple Development";
				CODE_SIGN_STYLE = Automatic;
				CURRENT_PROJECT_VERSION = 6;
				DEVELOPMENT_TEAM = XM9YMQACH6;
				GENERATE_INFOPLIST_FILE = YES;
				INFOPLIST_FILE = FormApp/Configurations/Info.plist;
				INFOPLIST_KEY_CFBundleDisplayName = Chesapeake;
				INFOPLIST_KEY_NSFaceIDUsageDescription = "Please allow to continue with Face ID";
				INFOPLIST_KEY_UIApplicationSupportsIndirectInputEvents = YES;
				INFOPLIST_KEY_UILaunchStoryboardName = LaunchScreen;
				INFOPLIST_KEY_UIMainStoryboardFile = Main;
				INFOPLIST_KEY_UIStatusBarStyle = UIStatusBarStyleLightContent;
				INFOPLIST_KEY_UISupportedInterfaceOrientations = "UIInterfaceOrientationLandscapeLeft UIInterfaceOrientationLandscapeRight UIInterfaceOrientationPortrait UIInterfaceOrientationPortraitUpsideDown";
				INFOPLIST_KEY_UIUserInterfaceStyle = Light;
				IPHONEOS_DEPLOYMENT_TARGET = 14.0;
				LD_RUNPATH_SEARCH_PATHS = (
					"$(inherited)",
					"@executable_path/Frameworks",
				);
				MARKETING_VERSION = 1.0.9;
				PRODUCT_BUNDLE_IDENTIFIER = ios.chesapeake.formApps;
				PRODUCT_NAME = "$(TARGET_NAME)";
				PROVISIONING_PROFILE_SPECIFIER = "";
				SUPPORTED_PLATFORMS = "iphoneos iphonesimulator";
				SUPPORTS_MACCATALYST = NO;
				SUPPORTS_MAC_DESIGNED_FOR_IPHONE_IPAD = NO;
				SUPPORTS_XR_DESIGNED_FOR_IPHONE_IPAD = NO;
				SWIFT_EMIT_LOC_STRINGS = YES;
				SWIFT_VERSION = 5.0;
				TARGETED_DEVICE_FAMILY = "1,2";
			};
			name = Release;
		};
/* End XCBuildConfiguration section */

/* Begin XCConfigurationList section */
		277CABC429813969009C11CB /* Build configuration list for PBXProject "FormApp" */ = {
			isa = XCConfigurationList;
			buildConfigurations = (
				277CABDB2981396A009C11CB /* Debug */,
				277CABDC2981396A009C11CB /* Release */,
			);
			defaultConfigurationIsVisible = 0;
			defaultConfigurationName = Release;
		};
		277CABDD2981396A009C11CB /* Build configuration list for PBXNativeTarget "FormApp" */ = {
			isa = XCConfigurationList;
			buildConfigurations = (
				277CABDE2981396A009C11CB /* Debug */,
				277CABDF2981396A009C11CB /* Release */,
			);
			defaultConfigurationIsVisible = 0;
			defaultConfigurationName = Release;
		};
/* End XCConfigurationList section */
	};
	rootObject = 277CABC129813969009C11CB /* Project object */;
}
